GITHUBTARBALL
  remote: boxen/puppet-boxen
  specs:
    boxen (1.3.2)

GITHUBTARBALL
  remote: boxen/puppet-gcc
  specs:
    gcc (1.0.0)

GITHUBTARBALL
  remote: boxen/puppet-homebrew
  specs:
    homebrew (1.1.2)

GITHUBTARBALL
  remote: boxen/puppet-xquartz
  specs:
    xquartz (1.1.0)

GITHUBTARBALL
  remote: puppetlabs/puppetlabs-stdlib
  specs:
    stdlib (4.0.0)

DEPENDENCIES
  boxen (= 1.3.2)
  gcc (= 1.0.0)
  homebrew (= 1.1.2)
  stdlib (= 4.0.0)
  xquartz (= 1.1.0)

